
Microsoft Visual Studio Solution File, Format Version 12.00
# Visual Studio 15
VisualStudioVersion = 15.0.26730.12
MinimumVisualStudioVersion = 10.0.40219.1
Project("{FAE04EC0-301F-11D3-BF4B-00C04F79EFBC}") = "MovieApplication", "MovieApplication\MovieApplication.csproj", "{71E53715-BE93-410C-B001-21478CFA5CDE}"
EndProject
Global
	GlobalSection(SolutionConfigurationPlatforms) = preSolution
		Debug|Any CPU = Debug|Any CPU
		Release|Any CPU = Release|Any CPU
	EndGlobalSection
	GlobalSection(ProjectConfigurationPlatforms) = postSolution
		{71E53715-BE93-410C-B001-21478CFA5CDE}.Debug|Any CPU.ActiveCfg = Debug|Any CPU
		{71E53715-BE93-410C-B001-21478CFA5CDE}.Debug|Any CPU.Build.0 = Debug|Any CPU
		{71E53715-BE93-410C-B001-21478CFA5CDE}.Release|Any CPU.ActiveCfg = Release|Any CPU
		{71E53715-BE93-410C-B001-21478CFA5CDE}.Release|Any CPU.Build.0 = Release|Any CPU
	EndGlobalSection
	GlobalSection(SolutionProperties) = preSolution
		HideSolutionNode = FALSE
	EndGlobalSection
	GlobalSection(ExtensibilityGlobals) = postSolution
		SolutionGuid = {4F36F908-C3E7-4E0A-B09A-9B2A092CF6B6}
	EndGlobalSection
EndGlobal
